# MEDUSA Tool Versions Lock File
# Generated: 2025-11-19T00:00:00.000000
# MEDUSA Version: 0.11.7
#
# This file pins specific versions of external security tools to ensure
# reproducible scans across different environments and time periods.
# All 65 tools now have pinned versions for reproducible security scanning.

[metadata]
lockfile_version = "1.0"
generated_at = "2025-11-19T00:00:00.000000"
medusa_version = "0.11.7"

[tools.python]
ansible-lint = "25.11.0"
bandit = "1.8.6"
black = "25.11.0"
cmakelang = "0.6.13"  # cmake-lint
gixy = "0.1.20"
mccabe = "0.7.0"
mypy = "1.18.2"
prospector = "1.17.3"
pydocstyle = "6.3.0"
pyflakes = "3.4.0"
pylint = "4.0.3"
ruff = "0.14.5"
safety = "3.7.0"
sqlfluff = "3.5.0"
vim-vint = "0.3.21"  # vint
vulture = "2.14"
yamllint = "1.37.1"

[tools.javascript]
eslint = "9.39.1"
graphql-schema-linter = "3.0.1"
htmlhint = "1.7.1"
jshint = "2.13.6"
markdownlint-cli = "0.45.0"
prettier = "3.6.2"
solhint = "5.0.4"
standard = "17.1.2"
stylelint = "16.25.0"
typescript = "5.9.3"

[tools.go]
golangci-lint = "2.6.2"
staticcheck = "2025.1.1"

[tools.rust]
clippy = "0.0.302"

[tools.shell]
bashate = "2.1.1"
shellcheck = "0.11.0"

[tools.docker]
hadolint = "2.14.0"

[tools.terraform]
checkov = "3.2.493"
tflint = "0.60.0"
tfsec = "1.28.14"

[tools.kubernetes]
kube-linter = "0.7.6"
kubeval = "0.16.1"

[tools.java]
checkstyle = "10.22.1"

[tools.kotlin]
ktlint = "1.5.0"

[tools.scala]
scalastyle = "1.0.0"

[tools.swift]
swiftlint = "0.57.1"

[tools.cpp]
cppcheck = "2.16.2"

[tools.ruby]
rubocop = "1.69.2"

[tools.php]
phpstan = "2.0.4"

[tools.perl]
perlcritic = "1.156"

[tools.powershell]
pwsh = "7.5.0"

[tools.r]
Rscript = "4.4.2"

[tools.haskell]
hlint = "3.8"

[tools.clojure]
clj-kondo = "2025.01.20"

[tools.dart]
dart = "3.7.1"

[tools.groovy]
codenarc = "3.6.0"

[tools.elixir]
mix = "1.18.2"

[tools.lua]
luacheck = "1.2.0"

[tools.toml]
taplo = "0.10.0"

[tools.xml]
xmllint = "2.13.5"

[tools.protobuf]
buf = "1.48.0"

[tools.zig]
zig = "0.14.0"

[tools.make]
checkmake = "0.2.2"

[tools.misc]
gitleaks = "8.29.0"
semgrep = "1.143.1"
trivy = "0.67.2"
