# MEDUSA Tool Versions Lock File
# Generated: 2025-11-23T15:34:45.944178
# MEDUSA Version: 0.11.7
#
# This file pins specific versions of external security tools to ensure
# reproducible scans across different environments and time periods.

[metadata]
lockfile_version = "1.0"
generated_at = "2025-11-23T15:34:45.944195"
medusa_version = "0.11.7"

[tools.clojure]
clj_kondo = "2025.10.23"  # clj-kondo

[tools.cpp]
cppcheck = "2.16.2"

[tools.dart]
dart = "3.7.1"

[tools.docker]
hadolint = "2.14.0"

[tools.elixir]
mix = "1.18.2"

[tools.go]
go = "1.24.2"
golangci_lint = "2.6.2"  # golangci-lint

[tools.groovy]
codenarc = "3.6.0"

[tools.haskell]
hlint = "3.8"

[tools.java]
checkstyle = "12.1.2"

[tools.javascript]
eslint = "9.39.1"
graphql_schema_linter = "3.0.1"  # graphql-schema-linter
htmlhint = "1.7.1"
jshint = "2.13.6"
prettier = "3.6.2"
solhint = "5.0.4"
standard = "17.1.2"
stylelint = "16.25.0"
typescript = "5.9.3"

[tools.kotlin]
ktlint = "1.5.0"

[tools.kubernetes]
kube_linter = "0.7.6"  # kube-linter

[tools.lua]
luacheck = "1.2.0"

[tools.make]
checkmake = "0.2.2"

[tools.markdown]
markdownlint_cli = "0.45.0"  # markdownlint-cli

[tools.perl]
perlcritic = "1.156"

[tools.php]
php = "8.4.1"
phpstan = "2.0.4"

[tools.powershell]
PSScriptAnalyzer = "1.24.0"

[tools.protobuf]
buf = "1.48.0"

[tools.python]
ansible_lint = "25.11.0"  # ansible-lint
bandit = "1.8.6"
black = "25.11.0"
cmakelang = "0.6.13"
gixy = "0.1.20"
mypy = "1.18.2"
pylint = "4.0.3"
ruff = "0.14.5"
sqlfluff = "3.5.0"
vim_vint = "0.3.21"  # vim-vint
yamllint = "1.37.1"

[tools.r]
Rscript = "4.4.2"

[tools.ruby]
rubocop = "1.69.2"

[tools.rust]
cargo_clippy = "0.0.302"  # cargo-clippy

[tools.scala]
scalastyle = "1.0.0"

[tools.shell]
shellcheck = "0.11.0"

[tools.swift]
swiftlint = "0.57.1"

[tools.terraform]
tflint = "0.60.0"

[tools.toml]
taplo = "0.9.3"

[tools.xml]
xmllint = "2.13.5"

[tools.zig]
zig = "0.14.0"
